
Microsoft Visual Studio Solution File, Format Version 12.00
# Visual Studio Version 17
VisualStudioVersion = 17.3.32819.101
MinimumVisualStudioVersion = 10.0.40219.1
Project("{8BC9CEB8-8B4A-11D0-8D11-00A0C91BC942}") = "VS_mongocxx", "VS_mongocxx\VS_mongocxx.vcxproj", "{0D120B25-81B6-4D06-ACA5-07F012CA77EF}"
EndProject
Global
	GlobalSection(SolutionConfigurationPlatforms) = preSolution
		Debug|x64 = Debug|x64
		Debug|x86 = Debug|x86
		Release|x64 = Release|x64
		Release|x86 = Release|x86
		xDebug|x64 = xDebug|x64
		xDebug|x86 = xDebug|x86
	EndGlobalSection
	GlobalSection(ProjectConfigurationPlatforms) = postSolution
		{0D120B25-81B6-4D06-ACA5-07F012CA77EF}.Debug|x64.ActiveCfg = Debug|x64
		{0D120B25-81B6-4D06-ACA5-07F012CA77EF}.Debug|x64.Build.0 = Debug|x64
		{0D120B25-81B6-4D06-ACA5-07F012CA77EF}.Debug|x86.ActiveCfg = Debug|Win32
		{0D120B25-81B6-4D06-ACA5-07F012CA77EF}.Debug|x86.Build.0 = Debug|Win32
		{0D120B25-81B6-4D06-ACA5-07F012CA77EF}.Release|x64.ActiveCfg = Release|x64
		{0D120B25-81B6-4D06-ACA5-07F012CA77EF}.Release|x64.Build.0 = Release|x64
		{0D120B25-81B6-4D06-ACA5-07F012CA77EF}.Release|x86.ActiveCfg = Release|Win32
		{0D120B25-81B6-4D06-ACA5-07F012CA77EF}.Release|x86.Build.0 = Release|Win32
		{0D120B25-81B6-4D06-ACA5-07F012CA77EF}.xDebug|x64.ActiveCfg = xDebug|x64
		{0D120B25-81B6-4D06-ACA5-07F012CA77EF}.xDebug|x64.Build.0 = xDebug|x64
		{0D120B25-81B6-4D06-ACA5-07F012CA77EF}.xDebug|x86.ActiveCfg = xDebug|Win32
		{0D120B25-81B6-4D06-ACA5-07F012CA77EF}.xDebug|x86.Build.0 = xDebug|Win32
	EndGlobalSection
	GlobalSection(SolutionProperties) = preSolution
		HideSolutionNode = FALSE
	EndGlobalSection
	GlobalSection(ExtensibilityGlobals) = postSolution
		SolutionGuid = {3230872C-DED1-43C3-9DA0-A0781497C939}
	EndGlobalSection
EndGlobal
