
Microsoft Visual Studio Solution File, Format Version 12.00
# Visual Studio Version 17
VisualStudioVersion = 17.3.32819.101
MinimumVisualStudioVersion = 10.0.40219.1
Project("{8BC9CEB8-8B4A-11D0-8D11-00A0C91BC942}") = "ConsoleApplication1", "ConsoleApplication1\ConsoleApplication1.vcxproj", "{DDF5B1B2-A13B-4ADE-A2F1-E05A62323465}"
EndProject
Project("{8BC9CEB8-8B4A-11D0-8D11-00A0C91BC942}") = "libbson", "libbson\libbson.vcxproj", "{13C87D5A-DCC0-46B3-8B28-D7FCC58FA0D3}"
EndProject
Global
	GlobalSection(SolutionConfigurationPlatforms) = preSolution
		Debug|x64 = Debug|x64
		Debug|x86 = Debug|x86
		Release|x64 = Release|x64
		Release|x86 = Release|x86
	EndGlobalSection
	GlobalSection(ProjectConfigurationPlatforms) = postSolution
		{DDF5B1B2-A13B-4ADE-A2F1-E05A62323465}.Debug|x64.ActiveCfg = Debug|x64
		{DDF5B1B2-A13B-4ADE-A2F1-E05A62323465}.Debug|x64.Build.0 = Debug|x64
		{DDF5B1B2-A13B-4ADE-A2F1-E05A62323465}.Debug|x86.ActiveCfg = Debug|Win32
		{DDF5B1B2-A13B-4ADE-A2F1-E05A62323465}.Debug|x86.Build.0 = Debug|Win32
		{DDF5B1B2-A13B-4ADE-A2F1-E05A62323465}.Release|x64.ActiveCfg = Release|x64
		{DDF5B1B2-A13B-4ADE-A2F1-E05A62323465}.Release|x64.Build.0 = Release|x64
		{DDF5B1B2-A13B-4ADE-A2F1-E05A62323465}.Release|x86.ActiveCfg = Release|Win32
		{DDF5B1B2-A13B-4ADE-A2F1-E05A62323465}.Release|x86.Build.0 = Release|Win32
		{13C87D5A-DCC0-46B3-8B28-D7FCC58FA0D3}.Debug|x64.ActiveCfg = Debug|x64
		{13C87D5A-DCC0-46B3-8B28-D7FCC58FA0D3}.Debug|x64.Build.0 = Debug|x64
		{13C87D5A-DCC0-46B3-8B28-D7FCC58FA0D3}.Debug|x86.ActiveCfg = Debug|Win32
		{13C87D5A-DCC0-46B3-8B28-D7FCC58FA0D3}.Debug|x86.Build.0 = Debug|Win32
		{13C87D5A-DCC0-46B3-8B28-D7FCC58FA0D3}.Release|x64.ActiveCfg = Release|x64
		{13C87D5A-DCC0-46B3-8B28-D7FCC58FA0D3}.Release|x64.Build.0 = Release|x64
		{13C87D5A-DCC0-46B3-8B28-D7FCC58FA0D3}.Release|x86.ActiveCfg = Release|Win32
		{13C87D5A-DCC0-46B3-8B28-D7FCC58FA0D3}.Release|x86.Build.0 = Release|Win32
	EndGlobalSection
	GlobalSection(SolutionProperties) = preSolution
		HideSolutionNode = FALSE
	EndGlobalSection
	GlobalSection(ExtensibilityGlobals) = postSolution
		SolutionGuid = {ED13385B-CEEA-4122-AD25-56FE5BBCF200}
	EndGlobalSection
EndGlobal
